
Microsoft Visual Studio Solution File, Format Version 12.00
# Visual Studio Version 17
VisualStudioVersion = 17.14.36811.4 d17.14
MinimumVisualStudioVersion = 10.0.40219.1
Project("{FAE04EC0-301F-11D3-BF4B-00C04F79EFBC}") = "Learn", "Learn.csproj", "{47427820-7BDB-41CD-83C3-F89978DB3D21}"
EndProject
Global
	GlobalSection(SolutionConfigurationPlatforms) = preSolution
		Debug|Any CPU = Debug|Any CPU
		Release|Any CPU = Release|Any CPU
	EndGlobalSection
	GlobalSection(ProjectConfigurationPlatforms) = postSolution
		{47427820-7BDB-41CD-83C3-F89978DB3D21}.Debug|Any CPU.ActiveCfg = Debug|Any CPU
		{47427820-7BDB-41CD-83C3-F89978DB3D21}.Debug|Any CPU.Build.0 = Debug|Any CPU
		{47427820-7BDB-41CD-83C3-F89978DB3D21}.Release|Any CPU.ActiveCfg = Release|Any CPU
		{47427820-7BDB-41CD-83C3-F89978DB3D21}.Release|Any CPU.Build.0 = Release|Any CPU
	EndGlobalSection
	GlobalSection(SolutionProperties) = preSolution
		HideSolutionNode = FALSE
	EndGlobalSection
	GlobalSection(ExtensibilityGlobals) = postSolution
		SolutionGuid = {8397510C-F3F5-4A54-844C-23329EFF4228}
	EndGlobalSection
EndGlobal
